// !$*UTF8*$!
{
	archiveVersion = 1;
	classes = {
	};
	objectVersion = 56;
	objects = {

/* Begin PBXBuildFile section */
		EEEEEEEEEEEEEEEEEEEEEEEE /* Assets.xcassets in Resources */ = {isa = PBXBuildFile; fileRef = DDDDDDDDDDDDDDDDDDDDDDDD /* Assets.xcassets */; };
/* End PBXBuildFile section */

/* Begin PBXFileReference section */
		DDDDDDDDDDDDDDDDDDDDDDDD /* Assets.xcassets */ = {isa = PBXFileReference; lastKnownFileType = folder.assetcatalog; path = Assets.xcassets; sourceTree = "<group>"; };
/* End PBXFileReference section */

/* Begin PBXGroup section */
		AAAAAAAAAAAAAAAAAAAAAAAA = {
			isa = PBXGroup;
			children = (
				BBBBBBBBBBBBBBBBBBBBBBBB /* Example */,
			);
			sourceTree = "<group>";
		};
		BBBBBBBBBBBBBBBBBBBBBBBB /* Example */ = {
			isa = PBXGroup;
			children = (
				DDDDDDDDDDDDDDDDDDDDDDDD /* Assets.xcassets */,
			);
			path = Example;
			sourceTree = "<group>";
		};
/* End PBXGroup section */

/* Begin PBXProject section */
		CCCCCCCCCCCCCCCCCCCCCCCC /* Project object */ = {
			isa = PBXProject;
			mainGroup = AAAAAAAAAAAAAAAAAAAAAAAA;
			targets = (
			);
		};
/* End PBXProject section */

/* Begin PBXResourcesBuildPhase section */
		FFFFFFFFFFFFFFFFFFFFFFFF /* Resources */ = {
			isa = PBXResourcesBuildPhase;
			buildActionMask = 2147483647;
			files = (
				EEEEEEEEEEEEEEEEEEEEEEEE /* Assets.xcassets in Resources */,
			);
			runOnlyForDeploymentPostprocessing = 0;
		};
/* End PBXResourcesBuildPhase section */
	};
	rootObject = CCCCCCCCCCCCCCCCCCCCCCCC /* Project object */;
}
